
Microsoft Visual Studio Solution File, Format Version 12.00
# Visual Studio 15
VisualStudioVersion = 15.0.28010.2016
MinimumVisualStudioVersion = 10.0.40219.1
Project("{FAE04EC0-301F-11D3-BF4B-00C04F79EFBC}") = "LocationDataProcessor", "LocationDataProcessor\LocationDataProcessor.csproj", "{91E51987-00D2-4199-BF10-77B48EFDFC20}"
EndProject
Project("{FAE04EC0-301F-11D3-BF4B-00C04F79EFBC}") = "LocationDataCoreLibrary", "LocationDataCoreLibrary\LocationDataCoreLibrary.csproj", "{4A1C8BF6-1D1F-4B09-8D4D-E62C79D46703}"
EndProject
Global
	GlobalSection(SolutionConfigurationPlatforms) = preSolution
		Debug|Any CPU = Debug|Any CPU
		Release|Any CPU = Release|Any CPU
	EndGlobalSection
	GlobalSection(ProjectConfigurationPlatforms) = postSolution
		{91E51987-00D2-4199-BF10-77B48EFDFC20}.Debug|Any CPU.ActiveCfg = Debug|Any CPU
		{91E51987-00D2-4199-BF10-77B48EFDFC20}.Debug|Any CPU.Build.0 = Debug|Any CPU
		{91E51987-00D2-4199-BF10-77B48EFDFC20}.Release|Any CPU.ActiveCfg = Release|Any CPU
		{91E51987-00D2-4199-BF10-77B48EFDFC20}.Release|Any CPU.Build.0 = Release|Any CPU
		{4A1C8BF6-1D1F-4B09-8D4D-E62C79D46703}.Debug|Any CPU.ActiveCfg = Debug|Any CPU
		{4A1C8BF6-1D1F-4B09-8D4D-E62C79D46703}.Debug|Any CPU.Build.0 = Debug|Any CPU
		{4A1C8BF6-1D1F-4B09-8D4D-E62C79D46703}.Release|Any CPU.ActiveCfg = Release|Any CPU
		{4A1C8BF6-1D1F-4B09-8D4D-E62C79D46703}.Release|Any CPU.Build.0 = Release|Any CPU
	EndGlobalSection
	GlobalSection(SolutionProperties) = preSolution
		HideSolutionNode = FALSE
	EndGlobalSection
	GlobalSection(ExtensibilityGlobals) = postSolution
		SolutionGuid = {3D688CFC-7BE9-47BD-BF6C-E053007F1F8B}
	EndGlobalSection
EndGlobal
